
Microsoft Visual Studio Solution File, Format Version 12.00
# Visual Studio Version 16
VisualStudioVersion = 16.0.31112.23
MinimumVisualStudioVersion = 10.0.40219.1
Project("{9A19103F-16F7-4668-BE54-9A1E7A4F7556}") = "Otus.Delegates.Application", "Otus.Delegates.Application\Otus.Delegates.Application.csproj", "{FEA57644-2D3A-420B-BDFA-1542EBCD728F}"
EndProject
Global
	GlobalSection(SolutionConfigurationPlatforms) = preSolution
		Debug|Any CPU = Debug|Any CPU
		Release|Any CPU = Release|Any CPU
	EndGlobalSection
	GlobalSection(ProjectConfigurationPlatforms) = postSolution
		{FEA57644-2D3A-420B-BDFA-1542EBCD728F}.Debug|Any CPU.ActiveCfg = Debug|Any CPU
		{FEA57644-2D3A-420B-BDFA-1542EBCD728F}.Debug|Any CPU.Build.0 = Debug|Any CPU
		{FEA57644-2D3A-420B-BDFA-1542EBCD728F}.Release|Any CPU.ActiveCfg = Release|Any CPU
		{FEA57644-2D3A-420B-BDFA-1542EBCD728F}.Release|Any CPU.Build.0 = Release|Any CPU
	EndGlobalSection
	GlobalSection(SolutionProperties) = preSolution
		HideSolutionNode = FALSE
	EndGlobalSection
	GlobalSection(ExtensibilityGlobals) = postSolution
		SolutionGuid = {D0680654-DF5B-406A-A468-112F8D8D6C44}
	EndGlobalSection
EndGlobal
